// !$*UTF8*$!
{
	archiveVersion = 1;
	classes = {
	};
	objectVersion = 51;
	objects = {

/* Begin PBXBuildFile section */
		6F49F208235AEA0D0014CAA5 /* AppDelegate.swift in Sources */ = {isa = PBXBuildFile; fileRef = 6F49F207235AEA0D0014CAA5 /* AppDelegate.swift */; };
		6F49F20A235AEA0D0014CAA5 /* ViewController.swift in Sources */ = {isa = PBXBuildFile; fileRef = 6F49F209235AEA0D0014CAA5 /* ViewController.swift */; };
		6F49F20D235AEA0D0014CAA5 /* Main.storyboard in Resources */ = {isa = PBXBuildFile; fileRef = 6F49F20B235AEA0D0014CAA5 /* Main.storyboard */; };
		6F49F20F235AEA0E0014CAA5 /* Assets.xcassets in Resources */ = {isa = PBXBuildFile; fileRef = 6F49F20E235AEA0E0014CAA5 /* Assets.xcassets */; };
		6F49F212235AEA0E0014CAA5 /* LaunchScreen.storyboard in Resources */ = {isa = PBXBuildFile; fileRef = 6F49F210235AEA0E0014CAA5 /* LaunchScreen.storyboard */; };
		6FAA63F0235B41B5009FAF7D /* UIView+Shadow.swift in Sources */ = {isa = PBXBuildFile; fileRef = 6FAA63EF235B41B5009FAF7D /* UIView+Shadow.swift */; };
		6FAA63F2235B420B009FAF7D /* UIViewController+Ticket.swift in Sources */ = {isa = PBXBuildFile; fileRef = 6FAA63F1235B420B009FAF7D /* UIViewController+Ticket.swift */; };
		6FAA63F7235B4317009FAF7D /* TicketCell.swift in Sources */ = {isa = PBXBuildFile; fileRef = 6FAA63F6235B4317009FAF7D /* TicketCell.swift */; };
		6FAA63F9235B437E009FAF7D /* CustonTicketLayout.swift in Sources */ = {isa = PBXBuildFile; fileRef = 6FAA63F8235B437E009FAF7D /* CustonTicketLayout.swift */; };
		6FAA63FB235B4466009FAF7D /* CustomFlipTransition.swift in Sources */ = {isa = PBXBuildFile; fileRef = 6FAA63FA235B4466009FAF7D /* CustomFlipTransition.swift */; };
		6FAA63FD235B44CC009FAF7D /* TicketCollectionView.swift in Sources */ = {isa = PBXBuildFile; fileRef = 6FAA63FC235B44CC009FAF7D /* TicketCollectionView.swift */; };
		6FAA63FF235B45A7009FAF7D /* DelegateProxy.swift in Sources */ = {isa = PBXBuildFile; fileRef = 6FAA63FE235B45A7009FAF7D /* DelegateProxy.swift */; };
		6FAA6401235B45D4009FAF7D /* CollectionViewCalculate.swift in Sources */ = {isa = PBXBuildFile; fileRef = 6FAA6400235B45D4009FAF7D /* CollectionViewCalculate.swift */; };
		6FAA6403235B4798009FAF7D /* Ticket.swift in Sources */ = {isa = PBXBuildFile; fileRef = 6FAA6402235B4798009FAF7D /* Ticket.swift */; };
		F74D11463EBD12060EFF2C4A /* Pods_TrainTicket.framework in Frameworks */ = {isa = PBXBuildFile; fileRef = 67334366D78D8DA355FD96DE /* Pods_TrainTicket.framework */; };
/* End PBXBuildFile section */

/* Begin PBXFileReference section */
		474FA97053373CF6D859DF1F /* Pods-TrainTicket.release.xcconfig */ = {isa = PBXFileReference; includeInIndex = 1; lastKnownFileType = text.xcconfig; name = "Pods-TrainTicket.release.xcconfig"; path = "Target Support Files/Pods-TrainTicket/Pods-TrainTicket.release.xcconfig"; sourceTree = "<group>"; };
		67334366D78D8DA355FD96DE /* Pods_TrainTicket.framework */ = {isa = PBXFileReference; explicitFileType = wrapper.framework; includeInIndex = 0; path = Pods_TrainTicket.framework; sourceTree = BUILT_PRODUCTS_DIR; };
		6F49F204235AEA0D0014CAA5 /* TrainTicket.app */ = {isa = PBXFileReference; explicitFileType = wrapper.application; includeInIndex = 0; path = TrainTicket.app; sourceTree = BUILT_PRODUCTS_DIR; };
		6F49F207235AEA0D0014CAA5 /* AppDelegate.swift */ = {isa = PBXFileReference; lastKnownFileType = sourcecode.swift; path = AppDelegate.swift; sourceTree = "<group>"; };
		6F49F209235AEA0D0014CAA5 /* ViewController.swift */ = {isa = PBXFileReference; lastKnownFileType = sourcecode.swift; path = ViewController.swift; sourceTree = "<group>"; };
		6F49F20C235AEA0D0014CAA5 /* Base */ = {isa = PBXFileReference; lastKnownFileType = file.storyboard; name = Base; path = Base.lproj/Main.storyboard; sourceTree = "<group>"; };
		6F49F20E235AEA0E0014CAA5 /* Assets.xcassets */ = {isa = PBXFileReference; lastKnownFileType = folder.assetcatalog; path = Assets.xcassets; sourceTree = "<group>"; };
		6F49F211235AEA0E0014CAA5 /* Base */ = {isa = PBXFileReference; lastKnownFileType = file.storyboard; name = Base; path = Base.lproj/LaunchScreen.storyboard; sourceTree = "<group>"; };
		6F49F213235AEA0E0014CAA5 /* Info.plist */ = {isa = PBXFileReference; lastKnownFileType = text.plist.xml; path = Info.plist; sourceTree = "<group>"; };
		6FAA63EF235B41B5009FAF7D /* UIView+Shadow.swift */ = {isa = PBXFileReference; lastKnownFileType = sourcecode.swift; path = "UIView+Shadow.swift"; sourceTree = "<group>"; };
		6FAA63F1235B420B009FAF7D /* UIViewController+Ticket.swift */ = {isa = PBXFileReference; lastKnownFileType = sourcecode.swift; path = "UIViewController+Ticket.swift"; sourceTree = "<group>"; };
		6FAA63F6235B4317009FAF7D /* TicketCell.swift */ = {isa = PBXFileReference; fileEncoding = 4; lastKnownFileType = sourcecode.swift; path = TicketCell.swift; sourceTree = "<group>"; };
		6FAA63F8235B437E009FAF7D /* CustonTicketLayout.swift */ = {isa = PBXFileReference; lastKnownFileType = sourcecode.swift; path = CustonTicketLayout.swift; sourceTree = "<group>"; };
		6FAA63FA235B4466009FAF7D /* CustomFlipTransition.swift */ = {isa = PBXFileReference; lastKnownFileType = sourcecode.swift; path = CustomFlipTransition.swift; sourceTree = "<group>"; };
		6FAA63FC235B44CC009FAF7D /* TicketCollectionView.swift */ = {isa = PBXFileReference; lastKnownFileType = sourcecode.swift; path = TicketCollectionView.swift; sourceTree = "<group>"; };
		6FAA63FE235B45A7009FAF7D /* DelegateProxy.swift */ = {isa = PBXFileReference; lastKnownFileType = sourcecode.swift; path = DelegateProxy.swift; sourceTree = "<group>"; };
		6FAA6400235B45D4009FAF7D /* CollectionViewCalculate.swift */ = {isa = PBXFileReference; lastKnownFileType = sourcecode.swift; path = CollectionViewCalculate.swift; sourceTree = "<group>"; };
		6FAA6402235B4798009FAF7D /* Ticket.swift */ = {isa = PBXFileReference; lastKnownFileType = sourcecode.swift; path = Ticket.swift; sourceTree = "<group>"; };
		F94FF54E6BF3A5196E5873D2 /* Pods-TrainTicket.debug.xcconfig */ = {isa = PBXFileReference; includeInIndex = 1; lastKnownFileType = text.xcconfig; name = "Pods-TrainTicket.debug.xcconfig"; path = "Target Support Files/Pods-TrainTicket/Pods-TrainTicket.debug.xcconfig"; sourceTree = "<group>"; };
/* End PBXFileReference section */

/* Begin PBXFrameworksBuildPhase section */
		6F49F201235AEA0D0014CAA5 /* Frameworks */ = {
			isa = PBXFrameworksBuildPhase;
			buildActionMask = 2147483647;
			files = (
				F74D11463EBD12060EFF2C4A /* Pods_TrainTicket.framework in Frameworks */,
			);
			runOnlyForDeploymentPostprocessing = 0;
		};
/* End PBXFrameworksBuildPhase section */

/* Begin PBXGroup section */
		6F49F1FB235AEA0D0014CAA5 = {
			isa = PBXGroup;
			children = (
				6F49F206235AEA0D0014CAA5 /* TrainTicket */,
				6F49F205235AEA0D0014CAA5 /* Products */,
				AA79833CA4B86F52AF324FA9 /* Pods */,
				E78D49A40B0842876E467CB9 /* Frameworks */,
			);
			sourceTree = "<group>";
		};
		6F49F205235AEA0D0014CAA5 /* Products */ = {
			isa = PBXGroup;
			children = (
				6F49F204235AEA0D0014CAA5 /* TrainTicket.app */,
			);
			name = Products;
			sourceTree = "<group>";
		};
		6F49F206235AEA0D0014CAA5 /* TrainTicket */ = {
			isa = PBXGroup;
			children = (
				6FAA63F3235B4253009FAF7D /* TicketLayout */,
				6FAA63EE235B418E009FAF7D /* Extension */,
				6FAA63ED235B4179009FAF7D /* TicketView */,
				6F49F207235AEA0D0014CAA5 /* AppDelegate.swift */,
				6F49F209235AEA0D0014CAA5 /* ViewController.swift */,
				6F49F20B235AEA0D0014CAA5 /* Main.storyboard */,
				6F49F20E235AEA0E0014CAA5 /* Assets.xcassets */,
				6F49F210235AEA0E0014CAA5 /* LaunchScreen.storyboard */,
				6F49F213235AEA0E0014CAA5 /* Info.plist */,
				6FAA6402235B4798009FAF7D /* Ticket.swift */,
			);
			path = TrainTicket;
			sourceTree = "<group>";
		};
		6FAA63ED235B4179009FAF7D /* TicketView */ = {
			isa = PBXGroup;
			children = (
				6FAA63FC235B44CC009FAF7D /* TicketCollectionView.swift */,
				6FAA63FE235B45A7009FAF7D /* DelegateProxy.swift */,
				6FAA6400235B45D4009FAF7D /* CollectionViewCalculate.swift */,
			);
			path = TicketView;
			sourceTree = "<group>";
		};
		6FAA63EE235B418E009FAF7D /* Extension */ = {
			isa = PBXGroup;
			children = (
				6FAA63EF235B41B5009FAF7D /* UIView+Shadow.swift */,
				6FAA63F1235B420B009FAF7D /* UIViewController+Ticket.swift */,
			);
			path = Extension;
			sourceTree = "<group>";
		};
		6FAA63F3235B4253009FAF7D /* TicketLayout */ = {
			isa = PBXGroup;
			children = (
				6FAA63F6235B4317009FAF7D /* TicketCell.swift */,
				6FAA63F8235B437E009FAF7D /* CustonTicketLayout.swift */,
				6FAA63FA235B4466009FAF7D /* CustomFlipTransition.swift */,
			);
			path = TicketLayout;
			sourceTree = "<group>";
		};
		AA79833CA4B86F52AF324FA9 /* Pods */ = {
			isa = PBXGroup;
			children = (
				F94FF54E6BF3A5196E5873D2 /* Pods-TrainTicket.debug.xcconfig */,
				474FA97053373CF6D859DF1F /* Pods-TrainTicket.release.xcconfig */,
			);
			path = Pods;
			sourceTree = "<group>";
		};
		E78D49A40B0842876E467CB9 /* Frameworks */ = {
			isa = PBXGroup;
			children = (
				67334366D78D8DA355FD96DE /* Pods_TrainTicket.framework */,
			);
			name = Frameworks;
			sourceTree = "<group>";
		};
/* End PBXGroup section */

/* Begin PBXNativeTarget section */
		6F49F203235AEA0D0014CAA5 /* TrainTicket */ = {
			isa = PBXNativeTarget;
			buildConfigurationList = 6F49F216235AEA0E0014CAA5 /* Build configuration list for PBXNativeTarget "TrainTicket" */;
			buildPhases = (
				B89058B36E87EBB1193AD3CC /* [CP] Check Pods Manifest.lock */,
				6F49F200235AEA0D0014CAA5 /* Sources */,
				6F49F201235AEA0D0014CAA5 /* Frameworks */,
				6F49F202235AEA0D0014CAA5 /* Resources */,
				C1A2C7F13AF8FE1CB903F20F /* [CP] Embed Pods Frameworks */,
			);
			buildRules = (
			);
			dependencies = (
			);
			name = TrainTicket;
			productName = TrainTicket;
			productReference = 6F49F204235AEA0D0014CAA5 /* TrainTicket.app */;
			productType = "com.apple.product-type.application";
		};
/* End PBXNativeTarget section */

/* Begin PBXProject section */
		6F49F1FC235AEA0D0014CAA5 /* Project object */ = {
			isa = PBXProject;
			attributes = {
				LastSwiftUpdateCheck = 1030;
				LastUpgradeCheck = 1030;
				ORGANIZATIONNAME = cn.com.yousanflics.hackathon;
				TargetAttributes = {
					6F49F203235AEA0D0014CAA5 = {
						CreatedOnToolsVersion = 10.3;
					};
				};
			};
			buildConfigurationList = 6F49F1FF235AEA0D0014CAA5 /* Build configuration list for PBXProject "TrainTicket" */;
			compatibilityVersion = "Xcode 9.3";
			developmentRegion = en;
			hasScannedForEncodings = 0;
			knownRegions = (
				en,
				Base,
			);
			mainGroup = 6F49F1FB235AEA0D0014CAA5;
			productRefGroup = 6F49F205235AEA0D0014CAA5 /* Products */;
			projectDirPath = "";
			projectRoot = "";
			targets = (
				6F49F203235AEA0D0014CAA5 /* TrainTicket */,
			);
		};
/* End PBXProject section */

/* Begin PBXResourcesBuildPhase section */
		6F49F202235AEA0D0014CAA5 /* Resources */ = {
			isa = PBXResourcesBuildPhase;
			buildActionMask = 2147483647;
			files = (
				6F49F212235AEA0E0014CAA5 /* LaunchScreen.storyboard in Resources */,
				6F49F20F235AEA0E0014CAA5 /* Assets.xcassets in Resources */,
				6F49F20D235AEA0D0014CAA5 /* Main.storyboard in Resources */,
			);
			runOnlyForDeploymentPostprocessing = 0;
		};
/* End PBXResourcesBuildPhase section */

/* Begin PBXShellScriptBuildPhase section */
		B89058B36E87EBB1193AD3CC /* [CP] Check Pods Manifest.lock */ = {
			isa = PBXShellScriptBuildPhase;
			buildActionMask = 2147483647;
			files = (
			);
			inputFileListPaths = (
			);
			inputPaths = (
				"${PODS_PODFILE_DIR_PATH}/Podfile.lock",
				"${PODS_ROOT}/Manifest.lock",
			);
			name = "[CP] Check Pods Manifest.lock";
			outputFileListPaths = (
			);
			outputPaths = (
				"$(DERIVED_FILE_DIR)/Pods-TrainTicket-checkManifestLockResult.txt",
			);
			runOnlyForDeploymentPostprocessing = 0;
			shellPath = /bin/sh;
			shellScript = "diff \"${PODS_PODFILE_DIR_PATH}/Podfile.lock\" \"${PODS_ROOT}/Manifest.lock\" > /dev/null\nif [ $? != 0 ] ; then\n    # print error to STDERR\n    echo \"error: The sandbox is not in sync with the Podfile.lock. Run 'pod install' or update your CocoaPods installation.\" >&2\n    exit 1\nfi\n# This output is used by Xcode 'outputs' to avoid re-running this script phase.\necho \"SUCCESS\" > \"${SCRIPT_OUTPUT_FILE_0}\"\n";
			showEnvVarsInLog = 0;
		};
		C1A2C7F13AF8FE1CB903F20F /* [CP] Embed Pods Frameworks */ = {
			isa = PBXShellScriptBuildPhase;
			buildActionMask = 2147483647;
			files = (
			);
			inputFileListPaths = (
				"${PODS_ROOT}/Target Support Files/Pods-TrainTicket/Pods-TrainTicket-frameworks-${CONFIGURATION}-input-files.xcfilelist",
			);
			name = "[CP] Embed Pods Frameworks";
			outputFileListPaths = (
				"${PODS_ROOT}/Target Support Files/Pods-TrainTicket/Pods-TrainTicket-frameworks-${CONFIGURATION}-output-files.xcfilelist",
			);
			runOnlyForDeploymentPostprocessing = 0;
			shellPath = /bin/sh;
			shellScript = "\"${PODS_ROOT}/Target Support Files/Pods-TrainTicket/Pods-TrainTicket-frameworks.sh\"\n";
			showEnvVarsInLog = 0;
		};
/* End PBXShellScriptBuildPhase section */

/* Begin PBXSourcesBuildPhase section */
		6F49F200235AEA0D0014CAA5 /* Sources */ = {
			isa = PBXSourcesBuildPhase;
			buildActionMask = 2147483647;
			files = (
				6FAA6403235B4798009FAF7D /* Ticket.swift in Sources */,
				6FAA63FD235B44CC009FAF7D /* TicketCollectionView.swift in Sources */,
				6FAA63F2235B420B009FAF7D /* UIViewController+Ticket.swift in Sources */,
				6F49F20A235AEA0D0014CAA5 /* ViewController.swift in Sources */,
				6FAA63F7235B4317009FAF7D /* TicketCell.swift in Sources */,
				6FAA63F9235B437E009FAF7D /* CustonTicketLayout.swift in Sources */,
				6FAA63FF235B45A7009FAF7D /* DelegateProxy.swift in Sources */,
				6FAA63F0235B41B5009FAF7D /* UIView+Shadow.swift in Sources */,
				6FAA6401235B45D4009FAF7D /* CollectionViewCalculate.swift in Sources */,
				6F49F208235AEA0D0014CAA5 /* AppDelegate.swift in Sources */,
				6FAA63FB235B4466009FAF7D /* CustomFlipTransition.swift in Sources */,
			);
			runOnlyForDeploymentPostprocessing = 0;
		};
/* End PBXSourcesBuildPhase section */

/* Begin PBXVariantGroup section */
		6F49F20B235AEA0D0014CAA5 /* Main.storyboard */ = {
			isa = PBXVariantGroup;
			children = (
				6F49F20C235AEA0D0014CAA5 /* Base */,
			);
			name = Main.storyboard;
			sourceTree = "<group>";
		};
		6F49F210235AEA0E0014CAA5 /* LaunchScreen.storyboard */ = {
			isa = PBXVariantGroup;
			children = (
				6F49F211235AEA0E0014CAA5 /* Base */,
			);
			name = LaunchScreen.storyboard;
			sourceTree = "<group>";
		};
/* End PBXVariantGroup section */

/* Begin XCBuildConfiguration section */
		6F49F214235AEA0E0014CAA5 /* Debug */ = {
			isa = XCBuildConfiguration;
			buildSettings = {
				ALWAYS_SEARCH_USER_PATHS = NO;
				CLANG_ANALYZER_NONNULL = YES;
				CLANG_ANALYZER_NUMBER_OBJECT_CONVERSION = YES_AGGRESSIVE;
				CLANG_CXX_LANGUAGE_STANDARD = "gnu++14";
				CLANG_CXX_LIBRARY = "libc++";
				CLANG_ENABLE_MODULES = YES;
				CLANG_ENABLE_OBJC_ARC = YES;
				CLANG_ENABLE_OBJC_WEAK = YES;
				CLANG_WARN_BLOCK_CAPTURE_AUTORELEASING = YES;
				CLANG_WARN_BOOL_CONVERSION = YES;
				CLANG_WARN_COMMA = YES;
				CLANG_WARN_CONSTANT_CONVERSION = YES;
				CLANG_WARN_DEPRECATED_OBJC_IMPLEMENTATIONS = YES;
				CLANG_WARN_DIRECT_OBJC_ISA_USAGE = YES_ERROR;
				CLANG_WARN_DOCUMENTATION_COMMENTS = YES;
				CLANG_WARN_EMPTY_BODY = YES;
				CLANG_WARN_ENUM_CONVERSION = YES;
				CLANG_WARN_INFINITE_RECURSION = YES;
				CLANG_WARN_INT_CONVERSION = YES;
				CLANG_WARN_NON_LITERAL_NULL_CONVERSION = YES;
				CLANG_WARN_OBJC_IMPLICIT_RETAIN_SELF = YES;
				CLANG_WARN_OBJC_LITERAL_CONVERSION = YES;
				CLANG_WARN_OBJC_ROOT_CLASS = YES_ERROR;
				CLANG_WARN_RANGE_LOOP_ANALYSIS = YES;
				CLANG_WARN_STRICT_PROTOTYPES = YES;
				CLANG_WARN_SUSPICIOUS_MOVE = YES;
				CLANG_WARN_UNGUARDED_AVAILABILITY = YES_AGGRESSIVE;
				CLANG_WARN_UNREACHABLE_CODE = YES;
				CLANG_WARN__DUPLICATE_METHOD_MATCH = YES;
				CODE_SIGN_IDENTITY = "iPhone Developer";
				COPY_PHASE_STRIP = NO;
				DEBUG_INFORMATION_FORMAT = dwarf;
				ENABLE_STRICT_OBJC_MSGSEND = YES;
				ENABLE_TESTABILITY = YES;
				GCC_C_LANGUAGE_STANDARD = gnu11;
				GCC_DYNAMIC_NO_PIC = NO;
				GCC_NO_COMMON_BLOCKS = YES;
				GCC_OPTIMIZATION_LEVEL = 0;
				GCC_PREPROCESSOR_DEFINITIONS = (
					"DEBUG=1",
					"$(inherited)",
				);
				GCC_WARN_64_TO_32_BIT_CONVERSION = YES;
				GCC_WARN_ABOUT_RETURN_TYPE = YES_ERROR;
				GCC_WARN_UNDECLARED_SELECTOR = YES;
				GCC_WARN_UNINITIALIZED_AUTOS = YES_AGGRESSIVE;
				GCC_WARN_UNUSED_FUNCTION = YES;
				GCC_WARN_UNUSED_VARIABLE = YES;
				IPHONEOS_DEPLOYMENT_TARGET = 12.4;
				MTL_ENABLE_DEBUG_INFO = INCLUDE_SOURCE;
				MTL_FAST_MATH = YES;
				ONLY_ACTIVE_ARCH = YES;
				SDKROOT = iphoneos;
				SWIFT_ACTIVE_COMPILATION_CONDITIONS = DEBUG;
				SWIFT_OPTIMIZATION_LEVEL = "-Onone";
			};
			name = Debug;
		};
		6F49F215235AEA0E0014CAA5 /* Release */ = {
			isa = XCBuildConfiguration;
			buildSettings = {
				ALWAYS_SEARCH_USER_PATHS = NO;
				CLANG_ANALYZER_NONNULL = YES;
				CLANG_ANALYZER_NUMBER_OBJECT_CONVERSION = YES_AGGRESSIVE;
				CLANG_CXX_LANGUAGE_STANDARD = "gnu++14";
				CLANG_CXX_LIBRARY = "libc++";
				CLANG_ENABLE_MODULES = YES;
				CLANG_ENABLE_OBJC_ARC = YES;
				CLANG_ENABLE_OBJC_WEAK = YES;
				CLANG_WARN_BLOCK_CAPTURE_AUTORELEASING = YES;
				CLANG_WARN_BOOL_CONVERSION = YES;
				CLANG_WARN_COMMA = YES;
				CLANG_WARN_CONSTANT_CONVERSION = YES;
				CLANG_WARN_DEPRECATED_OBJC_IMPLEMENTATIONS = YES;
				CLANG_WARN_DIRECT_OBJC_ISA_USAGE = YES_ERROR;
				CLANG_WARN_DOCUMENTATION_COMMENTS = YES;
				CLANG_WARN_EMPTY_BODY = YES;
				CLANG_WARN_ENUM_CONVERSION = YES;
				CLANG_WARN_INFINITE_RECURSION = YES;
				CLANG_WARN_INT_CONVERSION = YES;
				CLANG_WARN_NON_LITERAL_NULL_CONVERSION = YES;
				CLANG_WARN_OBJC_IMPLICIT_RETAIN_SELF = YES;
				CLANG_WARN_OBJC_LITERAL_CONVERSION = YES;
				CLANG_WARN_OBJC_ROOT_CLASS = YES_ERROR;
				CLANG_WARN_RANGE_LOOP_ANALYSIS = YES;
				CLANG_WARN_STRICT_PROTOTYPES = YES;
				CLANG_WARN_SUSPICIOUS_MOVE = YES;
				CLANG_WARN_UNGUARDED_AVAILABILITY = YES_AGGRESSIVE;
				CLANG_WARN_UNREACHABLE_CODE = YES;
				CLANG_WARN__DUPLICATE_METHOD_MATCH = YES;
				CODE_SIGN_IDENTITY = "iPhone Developer";
				COPY_PHASE_STRIP = NO;
				DEBUG_INFORMATION_FORMAT = "dwarf-with-dsym";
				ENABLE_NS_ASSERTIONS = NO;
				ENABLE_STRICT_OBJC_MSGSEND = YES;
				GCC_C_LANGUAGE_STANDARD = gnu11;
				GCC_NO_COMMON_BLOCKS = YES;
				GCC_WARN_64_TO_32_BIT_CONVERSION = YES;
				GCC_WARN_ABOUT_RETURN_TYPE = YES_ERROR;
				GCC_WARN_UNDECLARED_SELECTOR = YES;
				GCC_WARN_UNINITIALIZED_AUTOS = YES_AGGRESSIVE;
				GCC_WARN_UNUSED_FUNCTION = YES;
				GCC_WARN_UNUSED_VARIABLE = YES;
				IPHONEOS_DEPLOYMENT_TARGET = 12.4;
				MTL_ENABLE_DEBUG_INFO = NO;
				MTL_FAST_MATH = YES;
				SDKROOT = iphoneos;
				SWIFT_COMPILATION_MODE = wholemodule;
				SWIFT_OPTIMIZATION_LEVEL = "-O";
				VALIDATE_PRODUCT = YES;
			};
			name = Release;
		};
		6F49F217235AEA0E0014CAA5 /* Debug */ = {
			isa = XCBuildConfiguration;
			baseConfigurationReference = F94FF54E6BF3A5196E5873D2 /* Pods-TrainTicket.debug.xcconfig */;
			buildSettings = {
				ASSETCATALOG_COMPILER_APPICON_NAME = AppIcon;
				CODE_SIGN_STYLE = Automatic;
				DEVELOPMENT_TEAM = 5QXGWGSZMM;
				INFOPLIST_FILE = TrainTicket/Info.plist;
				LD_RUNPATH_SEARCH_PATHS = (
					"$(inherited)",
					"@executable_path/Frameworks",
				);
				PRODUCT_BUNDLE_IDENTIFIER = cn.com.yousanflics.hackathon.trainTicket.TrainTicket;
				PRODUCT_NAME = "$(TARGET_NAME)";
				SWIFT_VERSION = 5.0;
				TARGETED_DEVICE_FAMILY = "1,2";
			};
			name = Debug;
		};
		6F49F218235AEA0E0014CAA5 /* Release */ = {
			isa = XCBuildConfiguration;
			baseConfigurationReference = 474FA97053373CF6D859DF1F /* Pods-TrainTicket.release.xcconfig */;
			buildSettings = {
				ASSETCATALOG_COMPILER_APPICON_NAME = AppIcon;
				CODE_SIGN_STYLE = Automatic;
				DEVELOPMENT_TEAM = 5QXGWGSZMM;
				INFOPLIST_FILE = TrainTicket/Info.plist;
				LD_RUNPATH_SEARCH_PATHS = (
					"$(inherited)",
					"@executable_path/Frameworks",
				);
				PRODUCT_BUNDLE_IDENTIFIER = cn.com.yousanflics.hackathon.trainTicket.TrainTicket;
				PRODUCT_NAME = "$(TARGET_NAME)";
				SWIFT_VERSION = 5.0;
				TARGETED_DEVICE_FAMILY = "1,2";
			};
			name = Release;
		};
/* End XCBuildConfiguration section */

/* Begin XCConfigurationList section */
		6F49F1FF235AEA0D0014CAA5 /* Build configuration list for PBXProject "TrainTicket" */ = {
			isa = XCConfigurationList;
			buildConfigurations = (
				6F49F214235AEA0E0014CAA5 /* Debug */,
				6F49F215235AEA0E0014CAA5 /* Release */,
			);
			defaultConfigurationIsVisible = 0;
			defaultConfigurationName = Release;
		};
		6F49F216235AEA0E0014CAA5 /* Build configuration list for PBXNativeTarget "TrainTicket" */ = {
			isa = XCConfigurationList;
			buildConfigurations = (
				6F49F217235AEA0E0014CAA5 /* Debug */,
				6F49F218235AEA0E0014CAA5 /* Release */,
			);
			defaultConfigurationIsVisible = 0;
			defaultConfigurationName = Release;
		};
/* End XCConfigurationList section */
	};
	rootObject = 6F49F1FC235AEA0D0014CAA5 /* Project object */;
}
